// !$*UTF8*$!
{
	archiveVersion = 1;
	classes = {
	};
	objectVersion = 46;
	objects = {

/* Begin PBXBuildFile section */
		8A25CF111E3BA80500CC740E /* DiasViewController.swift in Sources */ = {isa = PBXBuildFile; fileRef = 8A25CF101E3BA80500CC740E /* DiasViewController.swift */; };
		8A3422D81E38E71400C1EFF5 /* AppDelegate.swift in Sources */ = {isa = PBXBuildFile; fileRef = 8A3422D71E38E71400C1EFF5 /* AppDelegate.swift */; };
		8A3422DA1E38E71400C1EFF5 /* ViewController.swift in Sources */ = {isa = PBXBuildFile; fileRef = 8A3422D91E38E71400C1EFF5 /* ViewController.swift */; };
		8A3422DD1E38E71400C1EFF5 /* Main.storyboard in Resources */ = {isa = PBXBuildFile; fileRef = 8A3422DB1E38E71400C1EFF5 /* Main.storyboard */; };
		8A3422DF1E38E71400C1EFF5 /* Assets.xcassets in Resources */ = {isa = PBXBuildFile; fileRef = 8A3422DE1E38E71400C1EFF5 /* Assets.xcassets */; };
		8A3422E21E38E71400C1EFF5 /* LaunchScreen.storyboard in Resources */ = {isa = PBXBuildFile; fileRef = 8A3422E01E38E71400C1EFF5 /* LaunchScreen.storyboard */; };
/* End PBXBuildFile section */

/* Begin PBXFileReference section */
		8A25CF101E3BA80500CC740E /* DiasViewController.swift */ = {isa = PBXFileReference; fileEncoding = 4; lastKnownFileType = sourcecode.swift; path = DiasViewController.swift; sourceTree = "<group>"; };
		8A3422D41E38E71400C1EFF5 /* Do's and Don'ts.app */ = {isa = PBXFileReference; explicitFileType = wrapper.application; includeInIndex = 0; path = "Do's and Don'ts.app"; sourceTree = BUILT_PRODUCTS_DIR; };
		8A3422D71E38E71400C1EFF5 /* AppDelegate.swift */ = {isa = PBXFileReference; lastKnownFileType = sourcecode.swift; path = AppDelegate.swift; sourceTree = "<group>"; };
		8A3422D91E38E71400C1EFF5 /* ViewController.swift */ = {isa = PBXFileReference; lastKnownFileType = sourcecode.swift; path = ViewController.swift; sourceTree = "<group>"; };
		8A3422DC1E38E71400C1EFF5 /* Base */ = {isa = PBXFileReference; lastKnownFileType = file.storyboard; name = Base; path = Base.lproj/Main.storyboard; sourceTree = "<group>"; };
		8A3422DE1E38E71400C1EFF5 /* Assets.xcassets */ = {isa = PBXFileReference; lastKnownFileType = folder.assetcatalog; path = Assets.xcassets; sourceTree = "<group>"; };
		8A3422E11E38E71400C1EFF5 /* Base */ = {isa = PBXFileReference; lastKnownFileType = file.storyboard; name = Base; path = Base.lproj/LaunchScreen.storyboard; sourceTree = "<group>"; };
		8A3422E31E38E71400C1EFF5 /* Info.plist */ = {isa = PBXFileReference; lastKnownFileType = text.plist.xml; path = Info.plist; sourceTree = "<group>"; };
/* End PBXFileReference section */

/* Begin PBXFrameworksBuildPhase section */
		8A3422D11E38E71300C1EFF5 /* Frameworks */ = {
			isa = PBXFrameworksBuildPhase;
			buildActionMask = 2147483647;
			files = (
			);
			runOnlyForDeploymentPostprocessing = 0;
		};
/* End PBXFrameworksBuildPhase section */

/* Begin PBXGroup section */
		8A3422CB1E38E71300C1EFF5 = {
			isa = PBXGroup;
			children = (
				8A3422D61E38E71400C1EFF5 /* Do's and Don'ts */,
				8A3422D51E38E71400C1EFF5 /* Products */,
			);
			sourceTree = "<group>";
		};
		8A3422D51E38E71400C1EFF5 /* Products */ = {
			isa = PBXGroup;
			children = (
				8A3422D41E38E71400C1EFF5 /* Do's and Don'ts.app */,
			);
			name = Products;
			sourceTree = "<group>";
		};
		8A3422D61E38E71400C1EFF5 /* Do's and Don'ts */ = {
			isa = PBXGroup;
			children = (
				8A3422D71E38E71400C1EFF5 /* AppDelegate.swift */,
				8A3422D91E38E71400C1EFF5 /* ViewController.swift */,
				8A3422DB1E38E71400C1EFF5 /* Main.storyboard */,
				8A3422DE1E38E71400C1EFF5 /* Assets.xcassets */,
				8A3422E01E38E71400C1EFF5 /* LaunchScreen.storyboard */,
				8A3422E31E38E71400C1EFF5 /* Info.plist */,
				8A25CF101E3BA80500CC740E /* DiasViewController.swift */,
			);
			path = "Do's and Don'ts";
			sourceTree = "<group>";
		};
/* End PBXGroup section */

/* Begin PBXNativeTarget section */
		8A3422D31E38E71300C1EFF5 /* Do's and Don'ts */ = {
			isa = PBXNativeTarget;
			buildConfigurationList = 8A3422E61E38E71400C1EFF5 /* Build configuration list for PBXNativeTarget "Do's and Don'ts" */;
			buildPhases = (
				8A3422D01E38E71300C1EFF5 /* Sources */,
				8A3422D11E38E71300C1EFF5 /* Frameworks */,
				8A3422D21E38E71300C1EFF5 /* Resources */,
			);
			buildRules = (
			);
			dependencies = (
			);
			name = "Do's and Don'ts";
			productName = "Do's and Don'ts";
			productReference = 8A3422D41E38E71400C1EFF5 /* Do's and Don'ts.app */;
			productType = "com.apple.product-type.application";
		};
/* End PBXNativeTarget section */

/* Begin PBXProject section */
		8A3422CC1E38E71300C1EFF5 /* Project object */ = {
			isa = PBXProject;
			attributes = {
				LastSwiftUpdateCheck = 0820;
				LastUpgradeCheck = 0820;
				ORGANIZATIONNAME = "Michelle Beadle";
				TargetAttributes = {
					8A3422D31E38E71300C1EFF5 = {
						CreatedOnToolsVersion = 8.2.1;
						DevelopmentTeam = H98HS8WJD5;
						ProvisioningStyle = Automatic;
					};
				};
			};
			buildConfigurationList = 8A3422CF1E38E71300C1EFF5 /* Build configuration list for PBXProject "Do's and Don'ts" */;
			compatibilityVersion = "Xcode 3.2";
			developmentRegion = English;
			hasScannedForEncodings = 0;
			knownRegions = (
				en,
				Base,
			);
			mainGroup = 8A3422CB1E38E71300C1EFF5;
			productRefGroup = 8A3422D51E38E71400C1EFF5 /* Products */;
			projectDirPath = "";
			projectRoot = "";
			targets = (
				8A3422D31E38E71300C1EFF5 /* Do's and Don'ts */,
			);
		};
/* End PBXProject section */

/* Begin PBXResourcesBuildPhase section */
		8A3422D21E38E71300C1EFF5 /* Resources */ = {
			isa = PBXResourcesBuildPhase;
			buildActionMask = 2147483647;
			files = (
				8A3422E21E38E71400C1EFF5 /* LaunchScreen.storyboard in Resources */,
				8A3422DF1E38E71400C1EFF5 /* Assets.xcassets in Resources */,
				8A3422DD1E38E71400C1EFF5 /* Main.storyboard in Resources */,
			);
			runOnlyForDeploymentPostprocessing = 0;
		};
/* End PBXResourcesBuildPhase section */

/* Begin PBXSourcesBuildPhase section */
		8A3422D01E38E71300C1EFF5 /* Sources */ = {
			isa = PBXSourcesBuildPhase;
			buildActionMask = 2147483647;
			files = (
				8A3422DA1E38E71400C1EFF5 /* ViewController.swift in Sources */,
				8A3422D81E38E71400C1EFF5 /* AppDelegate.swift in Sources */,
				8A25CF111E3BA80500CC740E /* DiasViewController.swift in Sources */,
			);
			runOnlyForDeploymentPostprocessing = 0;
		};
/* End PBXSourcesBuildPhase section */

/* Begin PBXVariantGroup section */
		8A3422DB1E38E71400C1EFF5 /* Main.storyboard */ = {
			isa = PBXVariantGroup;
			children = (
				8A3422DC1E38E71400C1EFF5 /* Base */,
			);
			name = Main.storyboard;
			sourceTree = "<group>";
		};
		8A3422E01E38E71400C1EFF5 /* LaunchScreen.storyboard */ = {
			isa = PBXVariantGroup;
			children = (
				8A3422E11E38E71400C1EFF5 /* Base */,
			);
			name = LaunchScreen.storyboard;
			sourceTree = "<group>";
		};
/* End PBXVariantGroup section */

/* Begin XCBuildConfiguration section */
		8A3422E41E38E71400C1EFF5 /* Debug */ = {
			isa = XCBuildConfiguration;
			buildSettings = {
				ALWAYS_SEARCH_USER_PATHS = NO;
				CLANG_ANALYZER_NONNULL = YES;
				CLANG_CXX_LANGUAGE_STANDARD = "gnu++0x";
				CLANG_CXX_LIBRARY = "libc++";
				CLANG_ENABLE_MODULES = YES;
				CLANG_ENABLE_OBJC_ARC = YES;
				CLANG_WARN_BOOL_CONVERSION = YES;
				CLANG_WARN_CONSTANT_CONVERSION = YES;
				CLANG_WARN_DIRECT_OBJC_ISA_USAGE = YES_ERROR;
				CLANG_WARN_DOCUMENTATION_COMMENTS = YES;
				CLANG_WARN_EMPTY_BODY = YES;
				CLANG_WARN_ENUM_CONVERSION = YES;
				CLANG_WARN_INFINITE_RECURSION = YES;
				CLANG_WARN_INT_CONVERSION = YES;
				CLANG_WARN_OBJC_ROOT_CLASS = YES_ERROR;
				CLANG_WARN_SUSPICIOUS_MOVE = YES;
				CLANG_WARN_UNREACHABLE_CODE = YES;
				CLANG_WARN__DUPLICATE_METHOD_MATCH = YES;
				"CODE_SIGN_IDENTITY[sdk=iphoneos*]" = "iPhone Developer";
				COPY_PHASE_STRIP = NO;
				DEBUG_INFORMATION_FORMAT = dwarf;
				ENABLE_STRICT_OBJC_MSGSEND = YES;
				ENABLE_TESTABILITY = YES;
				GCC_C_LANGUAGE_STANDARD = gnu99;
				GCC_DYNAMIC_NO_PIC = NO;
				GCC_NO_COMMON_BLOCKS = YES;
				GCC_OPTIMIZATION_LEVEL = 0;
				GCC_PREPROCESSOR_DEFINITIONS = (
					"DEBUG=1",
					"$(inherited)",
				);
				GCC_WARN_64_TO_32_BIT_CONVERSION = YES;
				GCC_WARN_ABOUT_RETURN_TYPE = YES_ERROR;
				GCC_WARN_UNDECLARED_SELECTOR = YES;
				GCC_WARN_UNINITIALIZED_AUTOS = YES_AGGRESSIVE;
				GCC_WARN_UNUSED_FUNCTION = YES;
				GCC_WARN_UNUSED_VARIABLE = YES;
				IPHONEOS_DEPLOYMENT_TARGET = 10.2;
				MTL_ENABLE_DEBUG_INFO = YES;
				ONLY_ACTIVE_ARCH = YES;
				SDKROOT = iphoneos;
				SWIFT_ACTIVE_COMPILATION_CONDITIONS = DEBUG;
				SWIFT_OPTIMIZATION_LEVEL = "-Onone";
				TARGETED_DEVICE_FAMILY = "1,2";
			};
			name = Debug;
		};
		8A3422E51E38E71400C1EFF5 /* Release */ = {
			isa = XCBuildConfiguration;
			buildSettings = {
				ALWAYS_SEARCH_USER_PATHS = NO;
				CLANG_ANALYZER_NONNULL = YES;
				CLANG_CXX_LANGUAGE_STANDARD = "gnu++0x";
				CLANG_CXX_LIBRARY = "libc++";
				CLANG_ENABLE_MODULES = YES;
				CLANG_ENABLE_OBJC_ARC = YES;
				CLANG_WARN_BOOL_CONVERSION = YES;
				CLANG_WARN_CONSTANT_CONVERSION = YES;
				CLANG_WARN_DIRECT_OBJC_ISA_USAGE = YES_ERROR;
				CLANG_WARN_DOCUMENTATION_COMMENTS = YES;
				CLANG_WARN_EMPTY_BODY = YES;
				CLANG_WARN_ENUM_CONVERSION = YES;
				CLANG_WARN_INFINITE_RECURSION = YES;
				CLANG_WARN_INT_CONVERSION = YES;
				CLANG_WARN_OBJC_ROOT_CLASS = YES_ERROR;
				CLANG_WARN_SUSPICIOUS_MOVE = YES;
				CLANG_WARN_UNREACHABLE_CODE = YES;
				CLANG_WARN__DUPLICATE_METHOD_MATCH = YES;
				"CODE_SIGN_IDENTITY[sdk=iphoneos*]" = "iPhone Developer";
				COPY_PHASE_STRIP = NO;
				DEBUG_INFORMATION_FORMAT = "dwarf-with-dsym";
				ENABLE_NS_ASSERTIONS = NO;
				ENABLE_STRICT_OBJC_MSGSEND = YES;
				GCC_C_LANGUAGE_STANDARD = gnu99;
				GCC_NO_COMMON_BLOCKS = YES;
				GCC_WARN_64_TO_32_BIT_CONVERSION = YES;
				GCC_WARN_ABOUT_RETURN_TYPE = YES_ERROR;
				GCC_WARN_UNDECLARED_SELECTOR = YES;
				GCC_WARN_UNINITIALIZED_AUTOS = YES_AGGRESSIVE;
				GCC_WARN_UNUSED_FUNCTION = YES;
				GCC_WARN_UNUSED_VARIABLE = YES;
				IPHONEOS_DEPLOYMENT_TARGET = 10.2;
				MTL_ENABLE_DEBUG_INFO = NO;
				SDKROOT = iphoneos;
				SWIFT_OPTIMIZATION_LEVEL = "-Owholemodule";
				TARGETED_DEVICE_FAMILY = "1,2";
				VALIDATE_PRODUCT = YES;
			};
			name = Release;
		};
		8A3422E71E38E71400C1EFF5 /* Debug */ = {
			isa = XCBuildConfiguration;
			buildSettings = {
				ASSETCATALOG_COMPILER_APPICON_NAME = AppIcon;
				DEVELOPMENT_TEAM = H98HS8WJD5;
				INFOPLIST_FILE = "Do's and Don'ts/Info.plist";
				LD_RUNPATH_SEARCH_PATHS = "$(inherited) @executable_path/Frameworks";
				PRODUCT_BUNDLE_IDENTIFIER = "michellesantiago.Do-s-and-Don-ts";
				PRODUCT_NAME = "$(TARGET_NAME)";
				SWIFT_VERSION = 3.0;
			};
			name = Debug;
		};
		8A3422E81E38E71400C1EFF5 /* Release */ = {
			isa = XCBuildConfiguration;
			buildSettings = {
				ASSETCATALOG_COMPILER_APPICON_NAME = AppIcon;
				DEVELOPMENT_TEAM = H98HS8WJD5;
				INFOPLIST_FILE = "Do's and Don'ts/Info.plist";
				LD_RUNPATH_SEARCH_PATHS = "$(inherited) @executable_path/Frameworks";
				PRODUCT_BUNDLE_IDENTIFIER = "michellesantiago.Do-s-and-Don-ts";
				PRODUCT_NAME = "$(TARGET_NAME)";
				SWIFT_VERSION = 3.0;
			};
			name = Release;
		};
/* End XCBuildConfiguration section */

/* Begin XCConfigurationList section */
		8A3422CF1E38E71300C1EFF5 /* Build configuration list for PBXProject "Do's and Don'ts" */ = {
			isa = XCConfigurationList;
			buildConfigurations = (
				8A3422E41E38E71400C1EFF5 /* Debug */,
				8A3422E51E38E71400C1EFF5 /* Release */,
			);
			defaultConfigurationIsVisible = 0;
			defaultConfigurationName = Release;
		};
		8A3422E61E38E71400C1EFF5 /* Build configuration list for PBXNativeTarget "Do's and Don'ts" */ = {
			isa = XCConfigurationList;
			buildConfigurations = (
				8A3422E71E38E71400C1EFF5 /* Debug */,
				8A3422E81E38E71400C1EFF5 /* Release */,
			);
			defaultConfigurationIsVisible = 0;
			defaultConfigurationName = Release;
		};
/* End XCConfigurationList section */
	};
	rootObject = 8A3422CC1E38E71300C1EFF5 /* Project object */;
}
